{
  "pins" : [
    {
      "identity" : "ios-maps-sdk",
      "kind" : "remoteSourceControl",
      "location" : "https://github.com/googlemaps/ios-maps-sdk.git",
      "state" : {
        "revision" : "bd392d7d844b49ec6795871a3c25edd01ab839f2",
        "version" : "8.4.0"
      }
    },
    {
      "identity" : "mapsindoors-core-ios",
      "kind" : "remoteSourceControl",
      "location" : "https://github.com/MapsPeople/mapsindoors-core-ios.git",
      "state" : {
        "revision" : "dd5acc0b20bbecd935bb26a067bab1e41fd5c956",
        "version" : "4.5.12"
      }
    },
    {
      "identity" : "mapsindoors-ios",
      "kind" : "remoteSourceControl",
      "location" : "https://github.com/MapsPeople/mapsindoors-ios.git",
      "state" : {
        "revision" : "0080fbf7e474210eac6ed9d31e5170971c3c13cb",
        "version" : "4.5.12"
      }
    },
    {
      "identity" : "valueanimator",
      "kind" : "remoteSourceControl",
      "location" : "https://github.com/brownsoo/ValueAnimator.git",
      "state" : {
        "revision" : "9221d16ca97d45f6033e759a9f8dfe95a2cf2469",
        "version" : "0.6.9"
      }
    }
  ],
  "version" : 2
}
